{
  "name": "cage-cash-club",
  "version": "1.0.0",
  "lockfileVersion": 3,
  "requires": true,
  "packages": {
    "": {
      "name": "cage-cash-club",
      "version": "1.0.0",
      "devDependencies": {
        "live-server": "^1.2.2"
      }
    },
    "node_modules/live-server": {
      "version": "1.2.2",
      "resolved": "https://registry.npmjs.org/live-server/-/live-server-1.2.2.tgz",
      "integrity": "sha512-...",
      "dev": true,
      "bin": {
        "live-server": "live-server"
      }
    }
  }
}
